
Microsoft Visual Studio Solution File, Format Version 12.00
# Visual Studio Version 17
VisualStudioVersion = 17.1.32414.318
MinimumVisualStudioVersion = 10.0.40219.1
Project("{FAE04EC0-301F-11D3-BF4B-00C04F79EFBC}") = "C969", "C969\C969.csproj", "{B1FD3B7B-1CD5-4C88-AA88-BEE9057EB3CF}"
EndProject
Global
	GlobalSection(SolutionConfigurationPlatforms) = preSolution
		Debug|Any CPU = Debug|Any CPU
		Release|Any CPU = Release|Any CPU
	EndGlobalSection
	GlobalSection(ProjectConfigurationPlatforms) = postSolution
		{B1FD3B7B-1CD5-4C88-AA88-BEE9057EB3CF}.Debug|Any CPU.ActiveCfg = Debug|Any CPU
		{B1FD3B7B-1CD5-4C88-AA88-BEE9057EB3CF}.Debug|Any CPU.Build.0 = Debug|Any CPU
		{B1FD3B7B-1CD5-4C88-AA88-BEE9057EB3CF}.Release|Any CPU.ActiveCfg = Release|Any CPU
		{B1FD3B7B-1CD5-4C88-AA88-BEE9057EB3CF}.Release|Any CPU.Build.0 = Release|Any CPU
	EndGlobalSection
	GlobalSection(SolutionProperties) = preSolution
		HideSolutionNode = FALSE
	EndGlobalSection
	GlobalSection(ExtensibilityGlobals) = postSolution
		SolutionGuid = {472D0B2E-E3A7-4D80-BEBF-29C477D7565E}
	EndGlobalSection
EndGlobal
